
Microsoft Visual Studio Solution File, Format Version 12.00
# Visual Studio Version 17
VisualStudioVersion = 17.12.35527.113
MinimumVisualStudioVersion = 10.0.40219.1
Project("{FAE04EC0-301F-11D3-BF4B-00C04F79EFBC}") = "ApiProjeKampi.WebApi", "ApiProjeKampi.WebApi\ApiProjeKampi.WebApi.csproj", "{009F1F25-BF3D-41F9-88C4-B05BB427A952}"
EndProject
Project("{FAE04EC0-301F-11D3-BF4B-00C04F79EFBC}") = "ApiProjeKampi.WebUI", "ApiProjeKampi.WebUI\ApiProjeKampi.WebUI.csproj", "{5FE82A29-E186-4E37-A2D5-EE6856952755}"
EndProject
Global
	GlobalSection(SolutionConfigurationPlatforms) = preSolution
		Debug|Any CPU = Debug|Any CPU
		Release|Any CPU = Release|Any CPU
	EndGlobalSection
	GlobalSection(ProjectConfigurationPlatforms) = postSolution
		{009F1F25-BF3D-41F9-88C4-B05BB427A952}.Debug|Any CPU.ActiveCfg = Debug|Any CPU
		{009F1F25-BF3D-41F9-88C4-B05BB427A952}.Debug|Any CPU.Build.0 = Debug|Any CPU
		{009F1F25-BF3D-41F9-88C4-B05BB427A952}.Release|Any CPU.ActiveCfg = Release|Any CPU
		{009F1F25-BF3D-41F9-88C4-B05BB427A952}.Release|Any CPU.Build.0 = Release|Any CPU
		{5FE82A29-E186-4E37-A2D5-EE6856952755}.Debug|Any CPU.ActiveCfg = Debug|Any CPU
		{5FE82A29-E186-4E37-A2D5-EE6856952755}.Debug|Any CPU.Build.0 = Debug|Any CPU
		{5FE82A29-E186-4E37-A2D5-EE6856952755}.Release|Any CPU.ActiveCfg = Release|Any CPU
		{5FE82A29-E186-4E37-A2D5-EE6856952755}.Release|Any CPU.Build.0 = Release|Any CPU
	EndGlobalSection
	GlobalSection(SolutionProperties) = preSolution
		HideSolutionNode = FALSE
	EndGlobalSection
EndGlobal
