
Microsoft Visual Studio Solution File, Format Version 12.00
# Visual Studio Version 17
VisualStudioVersion = 17.12.35527.113
MinimumVisualStudioVersion = 10.0.40219.1
Project("{FAE04EC0-301F-11D3-BF4B-00C04F79EFBC}") = "ApiProjeKampi.WebApi", "ApiProjeKampi.WebApi\ApiProjeKampi.WebApi.csproj", "{D11D3E16-5849-4161-BC92-8C6ECE879F98}"
EndProject
Project("{FAE04EC0-301F-11D3-BF4B-00C04F79EFBC}") = "ApiProjeKampi.WebUI", "ApiProjeKampi.WebUI\ApiProjeKampi.WebUI.csproj", "{3AF6A269-3D11-416F-B40C-9A90D7E3820D}"
EndProject
Global
	GlobalSection(SolutionConfigurationPlatforms) = preSolution
		Debug|Any CPU = Debug|Any CPU
		Release|Any CPU = Release|Any CPU
	EndGlobalSection
	GlobalSection(ProjectConfigurationPlatforms) = postSolution
		{D11D3E16-5849-4161-BC92-8C6ECE879F98}.Debug|Any CPU.ActiveCfg = Debug|Any CPU
		{D11D3E16-5849-4161-BC92-8C6ECE879F98}.Debug|Any CPU.Build.0 = Debug|Any CPU
		{D11D3E16-5849-4161-BC92-8C6ECE879F98}.Release|Any CPU.ActiveCfg = Release|Any CPU
		{D11D3E16-5849-4161-BC92-8C6ECE879F98}.Release|Any CPU.Build.0 = Release|Any CPU
		{3AF6A269-3D11-416F-B40C-9A90D7E3820D}.Debug|Any CPU.ActiveCfg = Debug|Any CPU
		{3AF6A269-3D11-416F-B40C-9A90D7E3820D}.Debug|Any CPU.Build.0 = Debug|Any CPU
		{3AF6A269-3D11-416F-B40C-9A90D7E3820D}.Release|Any CPU.ActiveCfg = Release|Any CPU
		{3AF6A269-3D11-416F-B40C-9A90D7E3820D}.Release|Any CPU.Build.0 = Release|Any CPU
	EndGlobalSection
	GlobalSection(SolutionProperties) = preSolution
		HideSolutionNode = FALSE
	EndGlobalSection
EndGlobal
